// !$*UTF8*$!
{
	archiveVersion = 1;
	classes = {
	};
	objectVersion = 55;
	objects = {

/* Begin PBXBuildFile section */
		765D2D722A225AAE00820AEB /* AppDelegate.swift in Sources */ = {isa = PBXBuildFile; fileRef = 765D2D712A225AAE00820AEB /* AppDelegate.swift */; };
		765D2D742A225AAE00820AEB /* SceneDelegate.swift in Sources */ = {isa = PBXBuildFile; fileRef = 765D2D732A225AAE00820AEB /* SceneDelegate.swift */; };
		765D2D792A225AAE00820AEB /* Main.storyboard in Resources */ = {isa = PBXBuildFile; fileRef = 765D2D772A225AAE00820AEB /* Main.storyboard */; };
		765D2D7B2A225AB000820AEB /* Assets.xcassets in Resources */ = {isa = PBXBuildFile; fileRef = 765D2D7A2A225AB000820AEB /* Assets.xcassets */; };
		765D2D7E2A225AB000820AEB /* LaunchScreen.storyboard in Resources */ = {isa = PBXBuildFile; fileRef = 765D2D7C2A225AB000820AEB /* LaunchScreen.storyboard */; };
		765D2D892A225AB000820AEB /* CoffeeOrderTests.swift in Sources */ = {isa = PBXBuildFile; fileRef = 765D2D882A225AB000820AEB /* CoffeeOrderTests.swift */; };
		765D2D932A225AB000820AEB /* CoffeeOrderUITests.swift in Sources */ = {isa = PBXBuildFile; fileRef = 765D2D922A225AB000820AEB /* CoffeeOrderUITests.swift */; };
		765D2D952A225AB000820AEB /* CoffeeOrderUITestsLaunchTests.swift in Sources */ = {isa = PBXBuildFile; fileRef = 765D2D942A225AB000820AEB /* CoffeeOrderUITestsLaunchTests.swift */; };
		765D2DA32A236E3100820AEB /* OrdersTableViewController.swift in Sources */ = {isa = PBXBuildFile; fileRef = 765D2DA22A236E3100820AEB /* OrdersTableViewController.swift */; };
		765D2DA52A236E6900820AEB /* AddOrderViewController.swift in Sources */ = {isa = PBXBuildFile; fileRef = 765D2DA42A236E6900820AEB /* AddOrderViewController.swift */; };
		765D2DA82A23724100820AEB /* WebService.swift in Sources */ = {isa = PBXBuildFile; fileRef = 765D2DA72A23724100820AEB /* WebService.swift */; };
/* End PBXBuildFile section */

/* Begin PBXContainerItemProxy section */
		765D2D852A225AB000820AEB /* PBXContainerItemProxy */ = {
			isa = PBXContainerItemProxy;
			containerPortal = 765D2D662A225AAE00820AEB /* Project object */;
			proxyType = 1;
			remoteGlobalIDString = 765D2D6D2A225AAE00820AEB;
			remoteInfo = CoffeeOrder;
		};
		765D2D8F2A225AB000820AEB /* PBXContainerItemProxy */ = {
			isa = PBXContainerItemProxy;
			containerPortal = 765D2D662A225AAE00820AEB /* Project object */;
			proxyType = 1;
			remoteGlobalIDString = 765D2D6D2A225AAE00820AEB;
			remoteInfo = CoffeeOrder;
		};
/* End PBXContainerItemProxy section */

/* Begin PBXFileReference section */
		765D2D6E2A225AAE00820AEB /* CoffeeOrder.app */ = {isa = PBXFileReference; explicitFileType = wrapper.application; includeInIndex = 0; path = CoffeeOrder.app; sourceTree = BUILT_PRODUCTS_DIR; };
		765D2D712A225AAE00820AEB /* AppDelegate.swift */ = {isa = PBXFileReference; lastKnownFileType = sourcecode.swift; path = AppDelegate.swift; sourceTree = "<group>"; };
		765D2D732A225AAE00820AEB /* SceneDelegate.swift */ = {isa = PBXFileReference; lastKnownFileType = sourcecode.swift; path = SceneDelegate.swift; sourceTree = "<group>"; };
		765D2D782A225AAE00820AEB /* Base */ = {isa = PBXFileReference; lastKnownFileType = file.storyboard; name = Base; path = Base.lproj/Main.storyboard; sourceTree = "<group>"; };
		765D2D7A2A225AB000820AEB /* Assets.xcassets */ = {isa = PBXFileReference; lastKnownFileType = folder.assetcatalog; path = Assets.xcassets; sourceTree = "<group>"; };
		765D2D7D2A225AB000820AEB /* Base */ = {isa = PBXFileReference; lastKnownFileType = file.storyboard; name = Base; path = Base.lproj/LaunchScreen.storyboard; sourceTree = "<group>"; };
		765D2D7F2A225AB000820AEB /* Info.plist */ = {isa = PBXFileReference; lastKnownFileType = text.plist.xml; path = Info.plist; sourceTree = "<group>"; };
		765D2D842A225AB000820AEB /* CoffeeOrderTests.xctest */ = {isa = PBXFileReference; explicitFileType = wrapper.cfbundle; includeInIndex = 0; path = CoffeeOrderTests.xctest; sourceTree = BUILT_PRODUCTS_DIR; };
		765D2D882A225AB000820AEB /* CoffeeOrderTests.swift */ = {isa = PBXFileReference; lastKnownFileType = sourcecode.swift; path = CoffeeOrderTests.swift; sourceTree = "<group>"; };
		765D2D8E2A225AB000820AEB /* CoffeeOrderUITests.xctest */ = {isa = PBXFileReference; explicitFileType = wrapper.cfbundle; includeInIndex = 0; path = CoffeeOrderUITests.xctest; sourceTree = BUILT_PRODUCTS_DIR; };
		765D2D922A225AB000820AEB /* CoffeeOrderUITests.swift */ = {isa = PBXFileReference; lastKnownFileType = sourcecode.swift; path = CoffeeOrderUITests.swift; sourceTree = "<group>"; };
		765D2D942A225AB000820AEB /* CoffeeOrderUITestsLaunchTests.swift */ = {isa = PBXFileReference; lastKnownFileType = sourcecode.swift; path = CoffeeOrderUITestsLaunchTests.swift; sourceTree = "<group>"; };
		765D2DA22A236E3100820AEB /* OrdersTableViewController.swift */ = {isa = PBXFileReference; lastKnownFileType = sourcecode.swift; path = OrdersTableViewController.swift; sourceTree = "<group>"; };
		765D2DA42A236E6900820AEB /* AddOrderViewController.swift */ = {isa = PBXFileReference; lastKnownFileType = sourcecode.swift; path = AddOrderViewController.swift; sourceTree = "<group>"; };
		765D2DA72A23724100820AEB /* WebService.swift */ = {isa = PBXFileReference; lastKnownFileType = sourcecode.swift; path = WebService.swift; sourceTree = "<group>"; };
/* End PBXFileReference section */

/* Begin PBXFrameworksBuildPhase section */
		765D2D6B2A225AAE00820AEB /* Frameworks */ = {
			isa = PBXFrameworksBuildPhase;
			buildActionMask = 2147483647;
			files = (
			);
			runOnlyForDeploymentPostprocessing = 0;
		};
		765D2D812A225AB000820AEB /* Frameworks */ = {
			isa = PBXFrameworksBuildPhase;
			buildActionMask = 2147483647;
			files = (
			);
			runOnlyForDeploymentPostprocessing = 0;
		};
		765D2D8B2A225AB000820AEB /* Frameworks */ = {
			isa = PBXFrameworksBuildPhase;
			buildActionMask = 2147483647;
			files = (
			);
			runOnlyForDeploymentPostprocessing = 0;
		};
/* End PBXFrameworksBuildPhase section */

/* Begin PBXGroup section */
		765D2D652A225AAE00820AEB = {
			isa = PBXGroup;
			children = (
				765D2D702A225AAE00820AEB /* CoffeeOrder */,
				765D2D872A225AB000820AEB /* CoffeeOrderTests */,
				765D2D912A225AB000820AEB /* CoffeeOrderUITests */,
				765D2D6F2A225AAE00820AEB /* Products */,
			);
			sourceTree = "<group>";
		};
		765D2D6F2A225AAE00820AEB /* Products */ = {
			isa = PBXGroup;
			children = (
				765D2D6E2A225AAE00820AEB /* CoffeeOrder.app */,
				765D2D842A225AB000820AEB /* CoffeeOrderTests.xctest */,
				765D2D8E2A225AB000820AEB /* CoffeeOrderUITests.xctest */,
			);
			name = Products;
			sourceTree = "<group>";
		};
		765D2D702A225AAE00820AEB /* CoffeeOrder */ = {
			isa = PBXGroup;
			children = (
				765D2DA62A23722E00820AEB /* Services */,
				765D2DA12A236D3500820AEB /* Controllers */,
				765D2D712A225AAE00820AEB /* AppDelegate.swift */,
				765D2D732A225AAE00820AEB /* SceneDelegate.swift */,
				765D2D772A225AAE00820AEB /* Main.storyboard */,
				765D2D7A2A225AB000820AEB /* Assets.xcassets */,
				765D2D7C2A225AB000820AEB /* LaunchScreen.storyboard */,
				765D2D7F2A225AB000820AEB /* Info.plist */,
			);
			path = CoffeeOrder;
			sourceTree = "<group>";
		};
		765D2D872A225AB000820AEB /* CoffeeOrderTests */ = {
			isa = PBXGroup;
			children = (
				765D2D882A225AB000820AEB /* CoffeeOrderTests.swift */,
			);
			path = CoffeeOrderTests;
			sourceTree = "<group>";
		};
		765D2D912A225AB000820AEB /* CoffeeOrderUITests */ = {
			isa = PBXGroup;
			children = (
				765D2D922A225AB000820AEB /* CoffeeOrderUITests.swift */,
				765D2D942A225AB000820AEB /* CoffeeOrderUITestsLaunchTests.swift */,
			);
			path = CoffeeOrderUITests;
			sourceTree = "<group>";
		};
		765D2DA12A236D3500820AEB /* Controllers */ = {
			isa = PBXGroup;
			children = (
				765D2DA22A236E3100820AEB /* OrdersTableViewController.swift */,
				765D2DA42A236E6900820AEB /* AddOrderViewController.swift */,
			);
			path = Controllers;
			sourceTree = "<group>";
		};
		765D2DA62A23722E00820AEB /* Services */ = {
			isa = PBXGroup;
			children = (
				765D2DA72A23724100820AEB /* WebService.swift */,
			);
			path = Services;
			sourceTree = "<group>";
		};
/* End PBXGroup section */

/* Begin PBXNativeTarget section */
		765D2D6D2A225AAE00820AEB /* CoffeeOrder */ = {
			isa = PBXNativeTarget;
			buildConfigurationList = 765D2D982A225AB000820AEB /* Build configuration list for PBXNativeTarget "CoffeeOrder" */;
			buildPhases = (
				765D2D6A2A225AAE00820AEB /* Sources */,
				765D2D6B2A225AAE00820AEB /* Frameworks */,
				765D2D6C2A225AAE00820AEB /* Resources */,
			);
			buildRules = (
			);
			dependencies = (
			);
			name = CoffeeOrder;
			productName = CoffeeOrder;
			productReference = 765D2D6E2A225AAE00820AEB /* CoffeeOrder.app */;
			productType = "com.apple.product-type.application";
		};
		765D2D832A225AB000820AEB /* CoffeeOrderTests */ = {
			isa = PBXNativeTarget;
			buildConfigurationList = 765D2D9B2A225AB000820AEB /* Build configuration list for PBXNativeTarget "CoffeeOrderTests" */;
			buildPhases = (
				765D2D802A225AB000820AEB /* Sources */,
				765D2D812A225AB000820AEB /* Frameworks */,
				765D2D822A225AB000820AEB /* Resources */,
			);
			buildRules = (
			);
			dependencies = (
				765D2D862A225AB000820AEB /* PBXTargetDependency */,
			);
			name = CoffeeOrderTests;
			productName = CoffeeOrderTests;
			productReference = 765D2D842A225AB000820AEB /* CoffeeOrderTests.xctest */;
			productType = "com.apple.product-type.bundle.unit-test";
		};
		765D2D8D2A225AB000820AEB /* CoffeeOrderUITests */ = {
			isa = PBXNativeTarget;
			buildConfigurationList = 765D2D9E2A225AB000820AEB /* Build configuration list for PBXNativeTarget "CoffeeOrderUITests" */;
			buildPhases = (
				765D2D8A2A225AB000820AEB /* Sources */,
				765D2D8B2A225AB000820AEB /* Frameworks */,
				765D2D8C2A225AB000820AEB /* Resources */,
			);
			buildRules = (
			);
			dependencies = (
				765D2D902A225AB000820AEB /* PBXTargetDependency */,
			);
			name = CoffeeOrderUITests;
			productName = CoffeeOrderUITests;
			productReference = 765D2D8E2A225AB000820AEB /* CoffeeOrderUITests.xctest */;
			productType = "com.apple.product-type.bundle.ui-testing";
		};
/* End PBXNativeTarget section */

/* Begin PBXProject section */
		765D2D662A225AAE00820AEB /* Project object */ = {
			isa = PBXProject;
			attributes = {
				BuildIndependentTargetsInParallel = 1;
				LastSwiftUpdateCheck = 1340;
				LastUpgradeCheck = 1340;
				TargetAttributes = {
					765D2D6D2A225AAE00820AEB = {
						CreatedOnToolsVersion = 13.4.1;
					};
					765D2D832A225AB000820AEB = {
						CreatedOnToolsVersion = 13.4.1;
						TestTargetID = 765D2D6D2A225AAE00820AEB;
					};
					765D2D8D2A225AB000820AEB = {
						CreatedOnToolsVersion = 13.4.1;
						TestTargetID = 765D2D6D2A225AAE00820AEB;
					};
				};
			};
			buildConfigurationList = 765D2D692A225AAE00820AEB /* Build configuration list for PBXProject "CoffeeOrder" */;
			compatibilityVersion = "Xcode 13.0";
			developmentRegion = en;
			hasScannedForEncodings = 0;
			knownRegions = (
				en,
				Base,
			);
			mainGroup = 765D2D652A225AAE00820AEB;
			productRefGroup = 765D2D6F2A225AAE00820AEB /* Products */;
			projectDirPath = "";
			projectRoot = "";
			targets = (
				765D2D6D2A225AAE00820AEB /* CoffeeOrder */,
				765D2D832A225AB000820AEB /* CoffeeOrderTests */,
				765D2D8D2A225AB000820AEB /* CoffeeOrderUITests */,
			);
		};
/* End PBXProject section */

/* Begin PBXResourcesBuildPhase section */
		765D2D6C2A225AAE00820AEB /* Resources */ = {
			isa = PBXResourcesBuildPhase;
			buildActionMask = 2147483647;
			files = (
				765D2D7E2A225AB000820AEB /* LaunchScreen.storyboard in Resources */,
				765D2D7B2A225AB000820AEB /* Assets.xcassets in Resources */,
				765D2D792A225AAE00820AEB /* Main.storyboard in Resources */,
			);
			runOnlyForDeploymentPostprocessing = 0;
		};
		765D2D822A225AB000820AEB /* Resources */ = {
			isa = PBXResourcesBuildPhase;
			buildActionMask = 2147483647;
			files = (
			);
			runOnlyForDeploymentPostprocessing = 0;
		};
		765D2D8C2A225AB000820AEB /* Resources */ = {
			isa = PBXResourcesBuildPhase;
			buildActionMask = 2147483647;
			files = (
			);
			runOnlyForDeploymentPostprocessing = 0;
		};
/* End PBXResourcesBuildPhase section */

/* Begin PBXSourcesBuildPhase section */
		765D2D6A2A225AAE00820AEB /* Sources */ = {
			isa = PBXSourcesBuildPhase;
			buildActionMask = 2147483647;
			files = (
				765D2D722A225AAE00820AEB /* AppDelegate.swift in Sources */,
				765D2D742A225AAE00820AEB /* SceneDelegate.swift in Sources */,
				765D2DA32A236E3100820AEB /* OrdersTableViewController.swift in Sources */,
				765D2DA82A23724100820AEB /* WebService.swift in Sources */,
				765D2DA52A236E6900820AEB /* AddOrderViewController.swift in Sources */,
			);
			runOnlyForDeploymentPostprocessing = 0;
		};
		765D2D802A225AB000820AEB /* Sources */ = {
			isa = PBXSourcesBuildPhase;
			buildActionMask = 2147483647;
			files = (
				765D2D892A225AB000820AEB /* CoffeeOrderTests.swift in Sources */,
			);
			runOnlyForDeploymentPostprocessing = 0;
		};
		765D2D8A2A225AB000820AEB /* Sources */ = {
			isa = PBXSourcesBuildPhase;
			buildActionMask = 2147483647;
			files = (
				765D2D932A225AB000820AEB /* CoffeeOrderUITests.swift in Sources */,
				765D2D952A225AB000820AEB /* CoffeeOrderUITestsLaunchTests.swift in Sources */,
			);
			runOnlyForDeploymentPostprocessing = 0;
		};
/* End PBXSourcesBuildPhase section */

/* Begin PBXTargetDependency section */
		765D2D862A225AB000820AEB /* PBXTargetDependency */ = {
			isa = PBXTargetDependency;
			target = 765D2D6D2A225AAE00820AEB /* CoffeeOrder */;
			targetProxy = 765D2D852A225AB000820AEB /* PBXContainerItemProxy */;
		};
		765D2D902A225AB000820AEB /* PBXTargetDependency */ = {
			isa = PBXTargetDependency;
			target = 765D2D6D2A225AAE00820AEB /* CoffeeOrder */;
			targetProxy = 765D2D8F2A225AB000820AEB /* PBXContainerItemProxy */;
		};
/* End PBXTargetDependency section */

/* Begin PBXVariantGroup section */
		765D2D772A225AAE00820AEB /* Main.storyboard */ = {
			isa = PBXVariantGroup;
			children = (
				765D2D782A225AAE00820AEB /* Base */,
			);
			name = Main.storyboard;
			sourceTree = "<group>";
		};
		765D2D7C2A225AB000820AEB /* LaunchScreen.storyboard */ = {
			isa = PBXVariantGroup;
			children = (
				765D2D7D2A225AB000820AEB /* Base */,
			);
			name = LaunchScreen.storyboard;
			sourceTree = "<group>";
		};
/* End PBXVariantGroup section */

/* Begin XCBuildConfiguration section */
		765D2D962A225AB000820AEB /* Debug */ = {
			isa = XCBuildConfiguration;
			buildSettings = {
				ALWAYS_SEARCH_USER_PATHS = NO;
				CLANG_ANALYZER_NONNULL = YES;
				CLANG_ANALYZER_NUMBER_OBJECT_CONVERSION = YES_AGGRESSIVE;
				CLANG_CXX_LANGUAGE_STANDARD = "gnu++17";
				CLANG_ENABLE_MODULES = YES;
				CLANG_ENABLE_OBJC_ARC = YES;
				CLANG_ENABLE_OBJC_WEAK = YES;
				CLANG_WARN_BLOCK_CAPTURE_AUTORELEASING = YES;
				CLANG_WARN_BOOL_CONVERSION = YES;
				CLANG_WARN_COMMA = YES;
				CLANG_WARN_CONSTANT_CONVERSION = YES;
				CLANG_WARN_DEPRECATED_OBJC_IMPLEMENTATIONS = YES;
				CLANG_WARN_DIRECT_OBJC_ISA_USAGE = YES_ERROR;
				CLANG_WARN_DOCUMENTATION_COMMENTS = YES;
				CLANG_WARN_EMPTY_BODY = YES;
				CLANG_WARN_ENUM_CONVERSION = YES;
				CLANG_WARN_INFINITE_RECURSION = YES;
				CLANG_WARN_INT_CONVERSION = YES;
				CLANG_WARN_NON_LITERAL_NULL_CONVERSION = YES;
				CLANG_WARN_OBJC_IMPLICIT_RETAIN_SELF = YES;
				CLANG_WARN_OBJC_LITERAL_CONVERSION = YES;
				CLANG_WARN_OBJC_ROOT_CLASS = YES_ERROR;
				CLANG_WARN_QUOTED_INCLUDE_IN_FRAMEWORK_HEADER = YES;
				CLANG_WARN_RANGE_LOOP_ANALYSIS = YES;
				CLANG_WARN_STRICT_PROTOTYPES = YES;
				CLANG_WARN_SUSPICIOUS_MOVE = YES;
				CLANG_WARN_UNGUARDED_AVAILABILITY = YES_AGGRESSIVE;
				CLANG_WARN_UNREACHABLE_CODE = YES;
				CLANG_WARN__DUPLICATE_METHOD_MATCH = YES;
				COPY_PHASE_STRIP = NO;
				DEBUG_INFORMATION_FORMAT = dwarf;
				ENABLE_STRICT_OBJC_MSGSEND = YES;
				ENABLE_TESTABILITY = YES;
				GCC_C_LANGUAGE_STANDARD = gnu11;
				GCC_DYNAMIC_NO_PIC = NO;
				GCC_NO_COMMON_BLOCKS = YES;
				GCC_OPTIMIZATION_LEVEL = 0;
				GCC_PREPROCESSOR_DEFINITIONS = (
					"DEBUG=1",
					"$(inherited)",
				);
				GCC_WARN_64_TO_32_BIT_CONVERSION = YES;
				GCC_WARN_ABOUT_RETURN_TYPE = YES_ERROR;
				GCC_WARN_UNDECLARED_SELECTOR = YES;
				GCC_WARN_UNINITIALIZED_AUTOS = YES_AGGRESSIVE;
				GCC_WARN_UNUSED_FUNCTION = YES;
				GCC_WARN_UNUSED_VARIABLE = YES;
				IPHONEOS_DEPLOYMENT_TARGET = 15.5;
				MTL_ENABLE_DEBUG_INFO = INCLUDE_SOURCE;
				MTL_FAST_MATH = YES;
				ONLY_ACTIVE_ARCH = YES;
				SDKROOT = iphoneos;
				SWIFT_ACTIVE_COMPILATION_CONDITIONS = DEBUG;
				SWIFT_OPTIMIZATION_LEVEL = "-Onone";
			};
			name = Debug;
		};
		765D2D972A225AB000820AEB /* Release */ = {
			isa = XCBuildConfiguration;
			buildSettings = {
				ALWAYS_SEARCH_USER_PATHS = NO;
				CLANG_ANALYZER_NONNULL = YES;
				CLANG_ANALYZER_NUMBER_OBJECT_CONVERSION = YES_AGGRESSIVE;
				CLANG_CXX_LANGUAGE_STANDARD = "gnu++17";
				CLANG_ENABLE_MODULES = YES;
				CLANG_ENABLE_OBJC_ARC = YES;
				CLANG_ENABLE_OBJC_WEAK = YES;
				CLANG_WARN_BLOCK_CAPTURE_AUTORELEASING = YES;
				CLANG_WARN_BOOL_CONVERSION = YES;
				CLANG_WARN_COMMA = YES;
				CLANG_WARN_CONSTANT_CONVERSION = YES;
				CLANG_WARN_DEPRECATED_OBJC_IMPLEMENTATIONS = YES;
				CLANG_WARN_DIRECT_OBJC_ISA_USAGE = YES_ERROR;
				CLANG_WARN_DOCUMENTATION_COMMENTS = YES;
				CLANG_WARN_EMPTY_BODY = YES;
				CLANG_WARN_ENUM_CONVERSION = YES;
				CLANG_WARN_INFINITE_RECURSION = YES;
				CLANG_WARN_INT_CONVERSION = YES;
				CLANG_WARN_NON_LITERAL_NULL_CONVERSION = YES;
				CLANG_WARN_OBJC_IMPLICIT_RETAIN_SELF = YES;
				CLANG_WARN_OBJC_LITERAL_CONVERSION = YES;
				CLANG_WARN_OBJC_ROOT_CLASS = YES_ERROR;
				CLANG_WARN_QUOTED_INCLUDE_IN_FRAMEWORK_HEADER = YES;
				CLANG_WARN_RANGE_LOOP_ANALYSIS = YES;
				CLANG_WARN_STRICT_PROTOTYPES = YES;
				CLANG_WARN_SUSPICIOUS_MOVE = YES;
				CLANG_WARN_UNGUARDED_AVAILABILITY = YES_AGGRESSIVE;
				CLANG_WARN_UNREACHABLE_CODE = YES;
				CLANG_WARN__DUPLICATE_METHOD_MATCH = YES;
				COPY_PHASE_STRIP = NO;
				DEBUG_INFORMATION_FORMAT = "dwarf-with-dsym";
				ENABLE_NS_ASSERTIONS = NO;
				ENABLE_STRICT_OBJC_MSGSEND = YES;
				GCC_C_LANGUAGE_STANDARD = gnu11;
				GCC_NO_COMMON_BLOCKS = YES;
				GCC_WARN_64_TO_32_BIT_CONVERSION = YES;
				GCC_WARN_ABOUT_RETURN_TYPE = YES_ERROR;
				GCC_WARN_UNDECLARED_SELECTOR = YES;
				GCC_WARN_UNINITIALIZED_AUTOS = YES_AGGRESSIVE;
				GCC_WARN_UNUSED_FUNCTION = YES;
				GCC_WARN_UNUSED_VARIABLE = YES;
				IPHONEOS_DEPLOYMENT_TARGET = 15.5;
				MTL_ENABLE_DEBUG_INFO = NO;
				MTL_FAST_MATH = YES;
				SDKROOT = iphoneos;
				SWIFT_COMPILATION_MODE = wholemodule;
				SWIFT_OPTIMIZATION_LEVEL = "-O";
				VALIDATE_PRODUCT = YES;
			};
			name = Release;
		};
		765D2D992A225AB000820AEB /* Debug */ = {
			isa = XCBuildConfiguration;
			buildSettings = {
				ASSETCATALOG_COMPILER_APPICON_NAME = AppIcon;
				ASSETCATALOG_COMPILER_GLOBAL_ACCENT_COLOR_NAME = AccentColor;
				CODE_SIGN_STYLE = Automatic;
				CURRENT_PROJECT_VERSION = 1;
				DEVELOPMENT_TEAM = 7QA3954RCT;
				GENERATE_INFOPLIST_FILE = YES;
				INFOPLIST_FILE = CoffeeOrder/Info.plist;
				INFOPLIST_KEY_UIApplicationSupportsIndirectInputEvents = YES;
				INFOPLIST_KEY_UILaunchStoryboardName = LaunchScreen;
				INFOPLIST_KEY_UIMainStoryboardFile = Main;
				INFOPLIST_KEY_UISupportedInterfaceOrientations_iPad = "UIInterfaceOrientationPortrait UIInterfaceOrientationPortraitUpsideDown UIInterfaceOrientationLandscapeLeft UIInterfaceOrientationLandscapeRight";
				INFOPLIST_KEY_UISupportedInterfaceOrientations_iPhone = "UIInterfaceOrientationPortrait UIInterfaceOrientationLandscapeLeft UIInterfaceOrientationLandscapeRight";
				LD_RUNPATH_SEARCH_PATHS = (
					"$(inherited)",
					"@executable_path/Frameworks",
				);
				MARKETING_VERSION = 1.0;
				PRODUCT_BUNDLE_IDENTIFIER = romegab.CoffeeOrder;
				PRODUCT_NAME = "$(TARGET_NAME)";
				SWIFT_EMIT_LOC_STRINGS = YES;
				SWIFT_VERSION = 5.0;
				TARGETED_DEVICE_FAMILY = "1,2";
			};
			name = Debug;
		};
		765D2D9A2A225AB000820AEB /* Release */ = {
			isa = XCBuildConfiguration;
			buildSettings = {
				ASSETCATALOG_COMPILER_APPICON_NAME = AppIcon;
				ASSETCATALOG_COMPILER_GLOBAL_ACCENT_COLOR_NAME = AccentColor;
				CODE_SIGN_STYLE = Automatic;
				CURRENT_PROJECT_VERSION = 1;
				DEVELOPMENT_TEAM = 7QA3954RCT;
				GENERATE_INFOPLIST_FILE = YES;
				INFOPLIST_FILE = CoffeeOrder/Info.plist;
				INFOPLIST_KEY_UIApplicationSupportsIndirectInputEvents = YES;
				INFOPLIST_KEY_UILaunchStoryboardName = LaunchScreen;
				INFOPLIST_KEY_UIMainStoryboardFile = Main;
				INFOPLIST_KEY_UISupportedInterfaceOrientations_iPad = "UIInterfaceOrientationPortrait UIInterfaceOrientationPortraitUpsideDown UIInterfaceOrientationLandscapeLeft UIInterfaceOrientationLandscapeRight";
				INFOPLIST_KEY_UISupportedInterfaceOrientations_iPhone = "UIInterfaceOrientationPortrait UIInterfaceOrientationLandscapeLeft UIInterfaceOrientationLandscapeRight";
				LD_RUNPATH_SEARCH_PATHS = (
					"$(inherited)",
					"@executable_path/Frameworks",
				);
				MARKETING_VERSION = 1.0;
				PRODUCT_BUNDLE_IDENTIFIER = romegab.CoffeeOrder;
				PRODUCT_NAME = "$(TARGET_NAME)";
				SWIFT_EMIT_LOC_STRINGS = YES;
				SWIFT_VERSION = 5.0;
				TARGETED_DEVICE_FAMILY = "1,2";
			};
			name = Release;
		};
		765D2D9C2A225AB000820AEB /* Debug */ = {
			isa = XCBuildConfiguration;
			buildSettings = {
				ALWAYS_EMBED_SWIFT_STANDARD_LIBRARIES = YES;
				BUNDLE_LOADER = "$(TEST_HOST)";
				CODE_SIGN_STYLE = Automatic;
				CURRENT_PROJECT_VERSION = 1;
				DEVELOPMENT_TEAM = 7QA3954RCT;
				GENERATE_INFOPLIST_FILE = YES;
				IPHONEOS_DEPLOYMENT_TARGET = 15.5;
				MARKETING_VERSION = 1.0;
				PRODUCT_BUNDLE_IDENTIFIER = romegab.CoffeeOrderTests;
				PRODUCT_NAME = "$(TARGET_NAME)";
				SWIFT_EMIT_LOC_STRINGS = NO;
				SWIFT_VERSION = 5.0;
				TARGETED_DEVICE_FAMILY = "1,2";
				TEST_HOST = "$(BUILT_PRODUCTS_DIR)/CoffeeOrder.app/CoffeeOrder";
			};
			name = Debug;
		};
		765D2D9D2A225AB000820AEB /* Release */ = {
			isa = XCBuildConfiguration;
			buildSettings = {
				ALWAYS_EMBED_SWIFT_STANDARD_LIBRARIES = YES;
				BUNDLE_LOADER = "$(TEST_HOST)";
				CODE_SIGN_STYLE = Automatic;
				CURRENT_PROJECT_VERSION = 1;
				DEVELOPMENT_TEAM = 7QA3954RCT;
				GENERATE_INFOPLIST_FILE = YES;
				IPHONEOS_DEPLOYMENT_TARGET = 15.5;
				MARKETING_VERSION = 1.0;
				PRODUCT_BUNDLE_IDENTIFIER = romegab.CoffeeOrderTests;
				PRODUCT_NAME = "$(TARGET_NAME)";
				SWIFT_EMIT_LOC_STRINGS = NO;
				SWIFT_VERSION = 5.0;
				TARGETED_DEVICE_FAMILY = "1,2";
				TEST_HOST = "$(BUILT_PRODUCTS_DIR)/CoffeeOrder.app/CoffeeOrder";
			};
			name = Release;
		};
		765D2D9F2A225AB000820AEB /* Debug */ = {
			isa = XCBuildConfiguration;
			buildSettings = {
				ALWAYS_EMBED_SWIFT_STANDARD_LIBRARIES = YES;
				CODE_SIGN_STYLE = Automatic;
				CURRENT_PROJECT_VERSION = 1;
				DEVELOPMENT_TEAM = 7QA3954RCT;
				GENERATE_INFOPLIST_FILE = YES;
				MARKETING_VERSION = 1.0;
				PRODUCT_BUNDLE_IDENTIFIER = romegab.CoffeeOrderUITests;
				PRODUCT_NAME = "$(TARGET_NAME)";
				SWIFT_EMIT_LOC_STRINGS = NO;
				SWIFT_VERSION = 5.0;
				TARGETED_DEVICE_FAMILY = "1,2";
				TEST_TARGET_NAME = CoffeeOrder;
			};
			name = Debug;
		};
		765D2DA02A225AB000820AEB /* Release */ = {
			isa = XCBuildConfiguration;
			buildSettings = {
				ALWAYS_EMBED_SWIFT_STANDARD_LIBRARIES = YES;
				CODE_SIGN_STYLE = Automatic;
				CURRENT_PROJECT_VERSION = 1;
				DEVELOPMENT_TEAM = 7QA3954RCT;
				GENERATE_INFOPLIST_FILE = YES;
				MARKETING_VERSION = 1.0;
				PRODUCT_BUNDLE_IDENTIFIER = romegab.CoffeeOrderUITests;
				PRODUCT_NAME = "$(TARGET_NAME)";
				SWIFT_EMIT_LOC_STRINGS = NO;
				SWIFT_VERSION = 5.0;
				TARGETED_DEVICE_FAMILY = "1,2";
				TEST_TARGET_NAME = CoffeeOrder;
			};
			name = Release;
		};
/* End XCBuildConfiguration section */

/* Begin XCConfigurationList section */
		765D2D692A225AAE00820AEB /* Build configuration list for PBXProject "CoffeeOrder" */ = {
			isa = XCConfigurationList;
			buildConfigurations = (
				765D2D962A225AB000820AEB /* Debug */,
				765D2D972A225AB000820AEB /* Release */,
			);
			defaultConfigurationIsVisible = 0;
			defaultConfigurationName = Release;
		};
		765D2D982A225AB000820AEB /* Build configuration list for PBXNativeTarget "CoffeeOrder" */ = {
			isa = XCConfigurationList;
			buildConfigurations = (
				765D2D992A225AB000820AEB /* Debug */,
				765D2D9A2A225AB000820AEB /* Release */,
			);
			defaultConfigurationIsVisible = 0;
			defaultConfigurationName = Release;
		};
		765D2D9B2A225AB000820AEB /* Build configuration list for PBXNativeTarget "CoffeeOrderTests" */ = {
			isa = XCConfigurationList;
			buildConfigurations = (
				765D2D9C2A225AB000820AEB /* Debug */,
				765D2D9D2A225AB000820AEB /* Release */,
			);
			defaultConfigurationIsVisible = 0;
			defaultConfigurationName = Release;
		};
		765D2D9E2A225AB000820AEB /* Build configuration list for PBXNativeTarget "CoffeeOrderUITests" */ = {
			isa = XCConfigurationList;
			buildConfigurations = (
				765D2D9F2A225AB000820AEB /* Debug */,
				765D2DA02A225AB000820AEB /* Release */,
			);
			defaultConfigurationIsVisible = 0;
			defaultConfigurationName = Release;
		};
/* End XCConfigurationList section */
	};
	rootObject = 765D2D662A225AAE00820AEB /* Project object */;
}
